{
  "R": {
    "Version": "3.6.2",
    "Repositories": [
      {
        "Name": "REPO_NAME",
        "URL": "https://packagemanager.rstudio.com/all/352"
      }
    ]
  },
  "Packages": {
    "palmerpenguins": {
      "Package": "palmerpenguins",
      "Version": "0.1.0",
      "Source": "Repository",
      "Repository": "CRAN",
      "Hash": "9a455031890b2adf20e19784a114ddd4"
    },
    "renv": {
      "Package": "renv",
      "Version": "0.12.0",
      "Source": "Repository",
      "Repository": "CRAN",
      "Hash": "7340c71f46a0fd16506cfa804e224e44"
    }
  }
}
